
Microsoft Visual Studio Solution File, Format Version 12.00
# Visual Studio 15
VisualStudioVersion = 15.0.28307.572
MinimumVisualStudioVersion = 10.0.40219.1
Project("{FAE04EC0-301F-11D3-BF4B-00C04F79EFBC}") = "MainMethod", "MainMethod\MainMethod.csproj", "{2BD44091-48A0-46B2-B60C-5F6B0F6E121E}"
EndProject
Global
	GlobalSection(SolutionConfigurationPlatforms) = preSolution
		Debug|Any CPU = Debug|Any CPU
		Release|Any CPU = Release|Any CPU
	EndGlobalSection
	GlobalSection(ProjectConfigurationPlatforms) = postSolution
		{2BD44091-48A0-46B2-B60C-5F6B0F6E121E}.Debug|Any CPU.ActiveCfg = Debug|Any CPU
		{2BD44091-48A0-46B2-B60C-5F6B0F6E121E}.Debug|Any CPU.Build.0 = Debug|Any CPU
		{2BD44091-48A0-46B2-B60C-5F6B0F6E121E}.Release|Any CPU.ActiveCfg = Release|Any CPU
		{2BD44091-48A0-46B2-B60C-5F6B0F6E121E}.Release|Any CPU.Build.0 = Release|Any CPU
	EndGlobalSection
	GlobalSection(SolutionProperties) = preSolution
		HideSolutionNode = FALSE
	EndGlobalSection
	GlobalSection(ExtensibilityGlobals) = postSolution
		SolutionGuid = {A457D447-BB3E-4CF4-9157-CD9AA564F5B1}
	EndGlobalSection
EndGlobal
